{
  "name": "route-master-example",
  "version": "0.0.0",
  "lockfileVersion": 1,
  "requires": true,
  "dependencies": {
    "angular-layout-master": {
      "version": "0.0.1",
      "resolved": "https://registry.npmjs.org/angular-layout-master/-/angular-layout-master-0.0.1.tgz",
      "integrity": "sha512-WfvpLk7uF4Bb4ungcZZ55yLB32T2Qe482zPymiHBOG0LeVRK5PjWtU3D4P/WxP6LVAX6VVZ12v6OYs06U36D9w==",
      "requires": {
        "tslib": "^1.9.0"
      },
      "dependencies": {
        "tslib": {
          "version": "1.10.0",
          "resolved": "https://registry.npmjs.org/tslib/-/tslib-1.10.0.tgz",
          "integrity": "sha512-qOebF53frne81cf0S9B41ByenJ3/IuH8yJKngAX35CmiZySA0khhkovshKK+jGCaMnVomla7gVlIcc3EvKPbTQ=="
        }
      }
    }
  }
}
